
Microsoft Visual Studio Solution File, Format Version 12.00
# Visual Studio 15
VisualStudioVersion = 15.0.28307.102
MinimumVisualStudioVersion = 10.0.40219.1
Project("{FAE04EC0-301F-11D3-BF4B-00C04F79EFBC}") = "BosunTest", "BosunTest\BosunTest.csproj", "{3CCADF55-74DC-4865-BD9E-EBCCC393F67A}"
EndProject
Global
	GlobalSection(SolutionConfigurationPlatforms) = preSolution
		Debug|Any CPU = Debug|Any CPU
		Release|Any CPU = Release|Any CPU
	EndGlobalSection
	GlobalSection(ProjectConfigurationPlatforms) = postSolution
		{3CCADF55-74DC-4865-BD9E-EBCCC393F67A}.Debug|Any CPU.ActiveCfg = Debug|Any CPU
		{3CCADF55-74DC-4865-BD9E-EBCCC393F67A}.Debug|Any CPU.Build.0 = Debug|Any CPU
		{3CCADF55-74DC-4865-BD9E-EBCCC393F67A}.Release|Any CPU.ActiveCfg = Release|Any CPU
		{3CCADF55-74DC-4865-BD9E-EBCCC393F67A}.Release|Any CPU.Build.0 = Release|Any CPU
	EndGlobalSection
	GlobalSection(SolutionProperties) = preSolution
		HideSolutionNode = FALSE
	EndGlobalSection
	GlobalSection(ExtensibilityGlobals) = postSolution
		SolutionGuid = {4700A921-D821-459F-8E1F-4AA621641F25}
	EndGlobalSection
EndGlobal
